PODS:
  - PodIJKPlayer (0.2.0)

DEPENDENCIES:
  - PodIJKPlayer (from `../PodIJKPlayer.podspec`)

EXTERNAL SOURCES:
  PodIJKPlayer:
    :podspec: "../PodIJKPlayer.podspec"

SPEC CHECKSUMS:
  PodIJKPlayer: 0dcb73035ba73e51e67dc5082a3f2f7e1cc75b2f

PODFILE CHECKSUM: 2dd0124f433797a772fff20dbd9e7d1bbc78f67f

COCOAPODS: 1.11.3
